
Microsoft Visual Studio Solution File, Format Version 12.00
# Visual Studio Version 17
VisualStudioVersion = 17.9.34728.123
MinimumVisualStudioVersion = 10.0.40219.1
Project("{FAE04EC0-301F-11D3-BF4B-00C04F79EFBC}") = "Tournament Manager", "Tournament Manager.csproj", "{07B92E7D-FE2E-41FC-AC07-103B73A0BF34}"
EndProject
Global
	GlobalSection(SolutionConfigurationPlatforms) = preSolution
		Debug|Any CPU = Debug|Any CPU
		Release|Any CPU = Release|Any CPU
	EndGlobalSection
	GlobalSection(ProjectConfigurationPlatforms) = postSolution
		{07B92E7D-FE2E-41FC-AC07-103B73A0BF34}.Debug|Any CPU.ActiveCfg = Debug|Any CPU
		{07B92E7D-FE2E-41FC-AC07-103B73A0BF34}.Debug|Any CPU.Build.0 = Debug|Any CPU
		{07B92E7D-FE2E-41FC-AC07-103B73A0BF34}.Release|Any CPU.ActiveCfg = Release|Any CPU
		{07B92E7D-FE2E-41FC-AC07-103B73A0BF34}.Release|Any CPU.Build.0 = Release|Any CPU
	EndGlobalSection
	GlobalSection(SolutionProperties) = preSolution
		HideSolutionNode = FALSE
	EndGlobalSection
	GlobalSection(ExtensibilityGlobals) = postSolution
		SolutionGuid = {CE7418B8-288F-4B64-918E-9998498AAB07}
	EndGlobalSection
EndGlobal
